
Microsoft Visual Studio Solution File, Format Version 12.00
# Visual Studio Version 17
VisualStudioVersion = 17.5.33530.505
MinimumVisualStudioVersion = 10.0.40219.1
Project("{FAE04EC0-301F-11D3-BF4B-00C04F79EFBC}") = "Ex03.GarageLogic", "Ex03.GarageLogic\Ex03.GarageLogic.csproj", "{464E05DA-85AE-48E0-B86F-31BED72C23A8}"
EndProject
Project("{FAE04EC0-301F-11D3-BF4B-00C04F79EFBC}") = "Ex03.ConsoleUI", "..\Ex03.ConsoleUI\Ex03.ConsoleUI.csproj", "{9CABF634-6665-4AE8-9596-763D04086D1A}"
EndProject
Global
	GlobalSection(SolutionConfigurationPlatforms) = preSolution
		Debug|Any CPU = Debug|Any CPU
		Release|Any CPU = Release|Any CPU
	EndGlobalSection
	GlobalSection(ProjectConfigurationPlatforms) = postSolution
		{464E05DA-85AE-48E0-B86F-31BED72C23A8}.Debug|Any CPU.ActiveCfg = Debug|Any CPU
		{464E05DA-85AE-48E0-B86F-31BED72C23A8}.Debug|Any CPU.Build.0 = Debug|Any CPU
		{464E05DA-85AE-48E0-B86F-31BED72C23A8}.Release|Any CPU.ActiveCfg = Release|Any CPU
		{464E05DA-85AE-48E0-B86F-31BED72C23A8}.Release|Any CPU.Build.0 = Release|Any CPU
		{9CABF634-6665-4AE8-9596-763D04086D1A}.Debug|Any CPU.ActiveCfg = Debug|Any CPU
		{9CABF634-6665-4AE8-9596-763D04086D1A}.Debug|Any CPU.Build.0 = Debug|Any CPU
		{9CABF634-6665-4AE8-9596-763D04086D1A}.Release|Any CPU.ActiveCfg = Release|Any CPU
		{9CABF634-6665-4AE8-9596-763D04086D1A}.Release|Any CPU.Build.0 = Release|Any CPU
	EndGlobalSection
	GlobalSection(SolutionProperties) = preSolution
		HideSolutionNode = FALSE
	EndGlobalSection
	GlobalSection(ExtensibilityGlobals) = postSolution
		SolutionGuid = {814DC559-885B-4988-8E64-A8892C4235B8}
	EndGlobalSection
EndGlobal
